
Microsoft Visual Studio Solution File, Format Version 12.00
# Visual Studio 2013
VisualStudioVersion = 12.0.21005.1
MinimumVisualStudioVersion = 10.0.40219.1
Project("{FAE04EC0-301F-11D3-BF4B-00C04F79EFBC}") = "TicTacToePower", "TicTacToePower\TicTacToePower.csproj", "{C7CAC679-54B2-4909-B419-0E71A28E7C75}"
EndProject
Project("{FAE04EC0-301F-11D3-BF4B-00C04F79EFBC}") = "JumpingSums", "JumpingSums\JumpingSums.csproj", "{B8D0C233-674E-47D0-B698-B71821F92C0D}"
EndProject
Project("{FAE04EC0-301F-11D3-BF4B-00C04F79EFBC}") = "Star", "Star\Star.csproj", "{784BDF5E-E16D-4130-B854-09E3FA4B37E1}"
EndProject
Project("{FAE04EC0-301F-11D3-BF4B-00C04F79EFBC}") = "WinningNumbers", "WinningNumbers\WinningNumbers.csproj", "{1DA79A27-455D-44DA-A20A-B6E687638182}"
EndProject
Project("{FAE04EC0-301F-11D3-BF4B-00C04F79EFBC}") = "XBits", "XBits\XBits.csproj", "{D9137315-D3CD-4F19-B0B4-BA5C3A26E816}"
EndProject
Global
	GlobalSection(SolutionConfigurationPlatforms) = preSolution
		Debug|Any CPU = Debug|Any CPU
		Release|Any CPU = Release|Any CPU
	EndGlobalSection
	GlobalSection(ProjectConfigurationPlatforms) = postSolution
		{C7CAC679-54B2-4909-B419-0E71A28E7C75}.Debug|Any CPU.ActiveCfg = Debug|Any CPU
		{C7CAC679-54B2-4909-B419-0E71A28E7C75}.Debug|Any CPU.Build.0 = Debug|Any CPU
		{C7CAC679-54B2-4909-B419-0E71A28E7C75}.Release|Any CPU.ActiveCfg = Release|Any CPU
		{C7CAC679-54B2-4909-B419-0E71A28E7C75}.Release|Any CPU.Build.0 = Release|Any CPU
		{B8D0C233-674E-47D0-B698-B71821F92C0D}.Debug|Any CPU.ActiveCfg = Debug|Any CPU
		{B8D0C233-674E-47D0-B698-B71821F92C0D}.Debug|Any CPU.Build.0 = Debug|Any CPU
		{B8D0C233-674E-47D0-B698-B71821F92C0D}.Release|Any CPU.ActiveCfg = Release|Any CPU
		{B8D0C233-674E-47D0-B698-B71821F92C0D}.Release|Any CPU.Build.0 = Release|Any CPU
		{784BDF5E-E16D-4130-B854-09E3FA4B37E1}.Debug|Any CPU.ActiveCfg = Debug|Any CPU
		{784BDF5E-E16D-4130-B854-09E3FA4B37E1}.Debug|Any CPU.Build.0 = Debug|Any CPU
		{784BDF5E-E16D-4130-B854-09E3FA4B37E1}.Release|Any CPU.ActiveCfg = Release|Any CPU
		{784BDF5E-E16D-4130-B854-09E3FA4B37E1}.Release|Any CPU.Build.0 = Release|Any CPU
		{1DA79A27-455D-44DA-A20A-B6E687638182}.Debug|Any CPU.ActiveCfg = Debug|Any CPU
		{1DA79A27-455D-44DA-A20A-B6E687638182}.Debug|Any CPU.Build.0 = Debug|Any CPU
		{1DA79A27-455D-44DA-A20A-B6E687638182}.Release|Any CPU.ActiveCfg = Release|Any CPU
		{1DA79A27-455D-44DA-A20A-B6E687638182}.Release|Any CPU.Build.0 = Release|Any CPU
		{D9137315-D3CD-4F19-B0B4-BA5C3A26E816}.Debug|Any CPU.ActiveCfg = Debug|Any CPU
		{D9137315-D3CD-4F19-B0B4-BA5C3A26E816}.Debug|Any CPU.Build.0 = Debug|Any CPU
		{D9137315-D3CD-4F19-B0B4-BA5C3A26E816}.Release|Any CPU.ActiveCfg = Release|Any CPU
		{D9137315-D3CD-4F19-B0B4-BA5C3A26E816}.Release|Any CPU.Build.0 = Release|Any CPU
	EndGlobalSection
	GlobalSection(SolutionProperties) = preSolution
		HideSolutionNode = FALSE
	EndGlobalSection
EndGlobal
