
Microsoft Visual Studio Solution File, Format Version 12.00
# Visual Studio 2013
VisualStudioVersion = 12.0.21005.1
MinimumVisualStudioVersion = 10.0.40219.1
Project("{FAE04EC0-301F-11D3-BF4B-00C04F79EFBC}") = "01_SumOf3Numbers", "SumOf3Numbers\01_SumOf3Numbers.csproj", "{319E4AA3-C0D9-48BD-9521-A279EA1CEBA2}"
EndProject
Project("{FAE04EC0-301F-11D3-BF4B-00C04F79EFBC}") = "02_PrintCompanyInformation", "PrintCompanyInformation\02_PrintCompanyInformation.csproj", "{6A40B5F7-D11C-4FD3-816A-51B9C7EB72FF}"
EndProject
Project("{FAE04EC0-301F-11D3-BF4B-00C04F79EFBC}") = "03_CirclePerimeterAndArea", "CirclePerimeterAndArea\03_CirclePerimeterAndArea.csproj", "{F232D7A0-B655-4D10-8A42-E1986385A5B2}"
EndProject
Project("{FAE04EC0-301F-11D3-BF4B-00C04F79EFBC}") = "04_NumberComparer", "NumberComparer\04_NumberComparer.csproj", "{3C7B607A-5525-419C-B49C-5E8F3A9A807C}"
EndProject
Project("{FAE04EC0-301F-11D3-BF4B-00C04F79EFBC}") = "10_FibonacciNumbers", "FibonacciNumbers\10_FibonacciNumbers.csproj", "{342248E1-EE3E-416B-9F11-FB68AF43FA16}"
EndProject
Project("{FAE04EC0-301F-11D3-BF4B-00C04F79EFBC}") = "05_FormattingNumbers", "FormattingNumbers\05_FormattingNumbers.csproj", "{4B84374C-25EE-4349-A4BF-3AE4692808B3}"
EndProject
Project("{FAE04EC0-301F-11D3-BF4B-00C04F79EFBC}") = "06_QuadraticEquation", "QuadraticEquation\06_QuadraticEquation.csproj", "{8B245F03-7038-4021-81DA-39F4009EA271}"
EndProject
Project("{FAE04EC0-301F-11D3-BF4B-00C04F79EFBC}") = "07_SumOf5Numbers", "SumOf5Numbers\07_SumOf5Numbers.csproj", "{34607FF9-CDB4-4A1B-92D1-AD8E27616124}"
EndProject
Project("{FAE04EC0-301F-11D3-BF4B-00C04F79EFBC}") = "08_NumbersFrom1ToN", "NumbersFrom1ToN\08_NumbersFrom1ToN.csproj", "{22A69257-E7B6-4402-A02F-F023A151DB16}"
EndProject
Project("{FAE04EC0-301F-11D3-BF4B-00C04F79EFBC}") = "09_SumOfNNumbers", "SumOfNNumbers\09_SumOfNNumbers.csproj", "{2C540C98-0DE8-4431-9347-DDB6A6A75970}"
EndProject
Project("{FAE04EC0-301F-11D3-BF4B-00C04F79EFBC}") = "11_NumbersInIntervalDivideableByGivenNumber", "NumbersInIntervalDivideableByGivenNumber\11_NumbersInIntervalDivideableByGivenNumber.csproj", "{7AFC28CA-4D79-49A6-B847-8008265FF3A9}"
EndProject
Global
	GlobalSection(SolutionConfigurationPlatforms) = preSolution
		Debug|Any CPU = Debug|Any CPU
		Release|Any CPU = Release|Any CPU
	EndGlobalSection
	GlobalSection(ProjectConfigurationPlatforms) = postSolution
		{319E4AA3-C0D9-48BD-9521-A279EA1CEBA2}.Debug|Any CPU.ActiveCfg = Debug|Any CPU
		{319E4AA3-C0D9-48BD-9521-A279EA1CEBA2}.Debug|Any CPU.Build.0 = Debug|Any CPU
		{319E4AA3-C0D9-48BD-9521-A279EA1CEBA2}.Release|Any CPU.ActiveCfg = Release|Any CPU
		{319E4AA3-C0D9-48BD-9521-A279EA1CEBA2}.Release|Any CPU.Build.0 = Release|Any CPU
		{6A40B5F7-D11C-4FD3-816A-51B9C7EB72FF}.Debug|Any CPU.ActiveCfg = Debug|Any CPU
		{6A40B5F7-D11C-4FD3-816A-51B9C7EB72FF}.Debug|Any CPU.Build.0 = Debug|Any CPU
		{6A40B5F7-D11C-4FD3-816A-51B9C7EB72FF}.Release|Any CPU.ActiveCfg = Release|Any CPU
		{6A40B5F7-D11C-4FD3-816A-51B9C7EB72FF}.Release|Any CPU.Build.0 = Release|Any CPU
		{F232D7A0-B655-4D10-8A42-E1986385A5B2}.Debug|Any CPU.ActiveCfg = Debug|Any CPU
		{F232D7A0-B655-4D10-8A42-E1986385A5B2}.Debug|Any CPU.Build.0 = Debug|Any CPU
		{F232D7A0-B655-4D10-8A42-E1986385A5B2}.Release|Any CPU.ActiveCfg = Release|Any CPU
		{F232D7A0-B655-4D10-8A42-E1986385A5B2}.Release|Any CPU.Build.0 = Release|Any CPU
		{3C7B607A-5525-419C-B49C-5E8F3A9A807C}.Debug|Any CPU.ActiveCfg = Debug|Any CPU
		{3C7B607A-5525-419C-B49C-5E8F3A9A807C}.Debug|Any CPU.Build.0 = Debug|Any CPU
		{3C7B607A-5525-419C-B49C-5E8F3A9A807C}.Release|Any CPU.ActiveCfg = Release|Any CPU
		{3C7B607A-5525-419C-B49C-5E8F3A9A807C}.Release|Any CPU.Build.0 = Release|Any CPU
		{342248E1-EE3E-416B-9F11-FB68AF43FA16}.Debug|Any CPU.ActiveCfg = Debug|Any CPU
		{342248E1-EE3E-416B-9F11-FB68AF43FA16}.Debug|Any CPU.Build.0 = Debug|Any CPU
		{342248E1-EE3E-416B-9F11-FB68AF43FA16}.Release|Any CPU.ActiveCfg = Release|Any CPU
		{342248E1-EE3E-416B-9F11-FB68AF43FA16}.Release|Any CPU.Build.0 = Release|Any CPU
		{4B84374C-25EE-4349-A4BF-3AE4692808B3}.Debug|Any CPU.ActiveCfg = Debug|Any CPU
		{4B84374C-25EE-4349-A4BF-3AE4692808B3}.Debug|Any CPU.Build.0 = Debug|Any CPU
		{4B84374C-25EE-4349-A4BF-3AE4692808B3}.Release|Any CPU.ActiveCfg = Release|Any CPU
		{4B84374C-25EE-4349-A4BF-3AE4692808B3}.Release|Any CPU.Build.0 = Release|Any CPU
		{8B245F03-7038-4021-81DA-39F4009EA271}.Debug|Any CPU.ActiveCfg = Debug|Any CPU
		{8B245F03-7038-4021-81DA-39F4009EA271}.Debug|Any CPU.Build.0 = Debug|Any CPU
		{8B245F03-7038-4021-81DA-39F4009EA271}.Release|Any CPU.ActiveCfg = Release|Any CPU
		{8B245F03-7038-4021-81DA-39F4009EA271}.Release|Any CPU.Build.0 = Release|Any CPU
		{34607FF9-CDB4-4A1B-92D1-AD8E27616124}.Debug|Any CPU.ActiveCfg = Debug|Any CPU
		{34607FF9-CDB4-4A1B-92D1-AD8E27616124}.Debug|Any CPU.Build.0 = Debug|Any CPU
		{34607FF9-CDB4-4A1B-92D1-AD8E27616124}.Release|Any CPU.ActiveCfg = Release|Any CPU
		{34607FF9-CDB4-4A1B-92D1-AD8E27616124}.Release|Any CPU.Build.0 = Release|Any CPU
		{22A69257-E7B6-4402-A02F-F023A151DB16}.Debug|Any CPU.ActiveCfg = Debug|Any CPU
		{22A69257-E7B6-4402-A02F-F023A151DB16}.Debug|Any CPU.Build.0 = Debug|Any CPU
		{22A69257-E7B6-4402-A02F-F023A151DB16}.Release|Any CPU.ActiveCfg = Release|Any CPU
		{22A69257-E7B6-4402-A02F-F023A151DB16}.Release|Any CPU.Build.0 = Release|Any CPU
		{2C540C98-0DE8-4431-9347-DDB6A6A75970}.Debug|Any CPU.ActiveCfg = Debug|Any CPU
		{2C540C98-0DE8-4431-9347-DDB6A6A75970}.Debug|Any CPU.Build.0 = Debug|Any CPU
		{2C540C98-0DE8-4431-9347-DDB6A6A75970}.Release|Any CPU.ActiveCfg = Release|Any CPU
		{2C540C98-0DE8-4431-9347-DDB6A6A75970}.Release|Any CPU.Build.0 = Release|Any CPU
		{7AFC28CA-4D79-49A6-B847-8008265FF3A9}.Debug|Any CPU.ActiveCfg = Debug|Any CPU
		{7AFC28CA-4D79-49A6-B847-8008265FF3A9}.Debug|Any CPU.Build.0 = Debug|Any CPU
		{7AFC28CA-4D79-49A6-B847-8008265FF3A9}.Release|Any CPU.ActiveCfg = Release|Any CPU
		{7AFC28CA-4D79-49A6-B847-8008265FF3A9}.Release|Any CPU.Build.0 = Release|Any CPU
	EndGlobalSection
	GlobalSection(SolutionProperties) = preSolution
		HideSolutionNode = FALSE
	EndGlobalSection
EndGlobal
